PODS:
<<<<<<< Updated upstream
  - Flutter (1.0.0)
=======
  - catcher (0.0.1):
    - Flutter
  - device_info (0.0.1):
    - Flutter
  - Firebase/Analytics (6.18.0):
    - Firebase/Core
  - Firebase/Core (6.18.0):
    - Firebase/CoreOnly
    - FirebaseAnalytics (= 6.3.0)
  - Firebase/CoreOnly (6.18.0):
    - FirebaseCore (= 6.6.3)
  - Firebase/RemoteConfig (6.18.0):
    - Firebase/CoreOnly
    - FirebaseRemoteConfig (~> 4.4.8)
  - firebase_remote_config (0.0.1):
    - Firebase/RemoteConfig
    - Flutter
  - FirebaseABTesting (3.2.0):
    - FirebaseAnalyticsInterop (~> 1.3)
    - FirebaseCore (~> 6.1)
    - Protobuf (>= 3.9.2, ~> 3.9)
  - FirebaseAnalytics (6.3.0):
    - FirebaseCore (~> 6.6)
    - FirebaseInstallations (~> 1.1)
    - GoogleAppMeasurement (= 6.3.0)
    - GoogleUtilities/AppDelegateSwizzler (~> 6.0)
    - GoogleUtilities/MethodSwizzler (~> 6.0)
    - GoogleUtilities/Network (~> 6.0)
    - "GoogleUtilities/NSData+zlib (~> 6.0)"
    - nanopb (= 0.3.9011)
  - FirebaseAnalyticsInterop (1.5.0)
  - FirebaseCore (6.6.3):
    - FirebaseCoreDiagnostics (~> 1.2)
    - FirebaseCoreDiagnosticsInterop (~> 1.2)
    - GoogleUtilities/Environment (~> 6.5)
    - GoogleUtilities/Logger (~> 6.5)
  - FirebaseCoreDiagnostics (1.2.1):
    - FirebaseCoreDiagnosticsInterop (~> 1.2)
    - GoogleDataTransportCCTSupport (~> 1.3)
    - GoogleUtilities/Environment (~> 6.5)
    - GoogleUtilities/Logger (~> 6.5)
    - nanopb (~> 0.3.901)
  - FirebaseCoreDiagnosticsInterop (1.2.0)
  - FirebaseInstallations (1.1.0):
    - FirebaseCore (~> 6.6)
    - GoogleUtilities/UserDefaults (~> 6.5)
    - PromisesObjC (~> 1.2)
  - FirebaseInstanceID (4.3.2):
    - FirebaseCore (~> 6.6)
    - FirebaseInstallations (~> 1.0)
    - GoogleUtilities/Environment (~> 6.5)
    - GoogleUtilities/UserDefaults (~> 6.5)
  - FirebaseRemoteConfig (4.4.9):
    - FirebaseABTesting (~> 3.1)
    - FirebaseAnalyticsInterop (~> 1.4)
    - FirebaseCore (~> 6.2)
    - FirebaseInstanceID (~> 4.2)
    - GoogleUtilities/Environment (~> 6.2)
    - "GoogleUtilities/NSData+zlib (~> 6.2)"
    - Protobuf (>= 3.9.2, ~> 3.9)
  - Flutter (1.0.0)
  - flutter_mailer (0.0.1):
    - Flutter
  - fluttertoast (0.0.2):
    - Flutter
  - GoogleAppMeasurement (6.3.0):
    - GoogleUtilities/AppDelegateSwizzler (~> 6.0)
    - GoogleUtilities/MethodSwizzler (~> 6.0)
    - GoogleUtilities/Network (~> 6.0)
    - "GoogleUtilities/NSData+zlib (~> 6.0)"
    - nanopb (= 0.3.9011)
  - GoogleDataTransport (4.0.1)
  - GoogleDataTransportCCTSupport (1.4.1):
    - GoogleDataTransport (~> 4.0)
    - nanopb (~> 0.3.901)
  - GoogleUtilities/AppDelegateSwizzler (6.5.1):
    - GoogleUtilities/Environment
    - GoogleUtilities/Logger
    - GoogleUtilities/Network
  - GoogleUtilities/Environment (6.5.1)
  - GoogleUtilities/Logger (6.5.1):
    - GoogleUtilities/Environment
  - GoogleUtilities/MethodSwizzler (6.5.1):
    - GoogleUtilities/Logger
  - GoogleUtilities/Network (6.5.1):
    - GoogleUtilities/Logger
    - "GoogleUtilities/NSData+zlib"
    - GoogleUtilities/Reachability
  - "GoogleUtilities/NSData+zlib (6.5.1)"
  - GoogleUtilities/Reachability (6.5.1):
    - GoogleUtilities/Logger
  - GoogleUtilities/UserDefaults (6.5.1):
    - GoogleUtilities/Logger
  - nanopb (0.3.9011):
    - nanopb/decode (= 0.3.9011)
    - nanopb/encode (= 0.3.9011)
  - nanopb/decode (0.3.9011)
  - nanopb/encode (0.3.9011)
  - package_info (0.0.1):
    - Flutter
  - PromisesObjC (1.2.8)
  - Protobuf (3.11.4)
>>>>>>> Stashed changes
  - shared_preferences (0.0.1):
    - Flutter
  - shared_preferences_macos (0.0.1):
    - Flutter
  - shared_preferences_web (0.0.1):
    - Flutter

DEPENDENCIES:
<<<<<<< Updated upstream
=======
  - catcher (from `.symlinks/plugins/catcher/ios`)
  - device_info (from `.symlinks/plugins/device_info/ios`)
  - Firebase/Analytics
  - firebase_remote_config (from `.symlinks/plugins/firebase_remote_config/ios`)
>>>>>>> Stashed changes
  - Flutter (from `Flutter`)
  - flutter_mailer (from `.symlinks/plugins/flutter_mailer/ios`)
  - fluttertoast (from `.symlinks/plugins/fluttertoast/ios`)
  - package_info (from `.symlinks/plugins/package_info/ios`)
  - shared_preferences (from `.symlinks/plugins/shared_preferences/ios`)
  - shared_preferences_macos (from `.symlinks/plugins/shared_preferences_macos/ios`)
  - shared_preferences_web (from `.symlinks/plugins/shared_preferences_web/ios`)

EXTERNAL SOURCES:
<<<<<<< Updated upstream
=======
  catcher:
    :path: ".symlinks/plugins/catcher/ios"
  device_info:
    :path: ".symlinks/plugins/device_info/ios"
  firebase_remote_config:
    :path: ".symlinks/plugins/firebase_remote_config/ios"
>>>>>>> Stashed changes
  Flutter:
    :path: Flutter
  flutter_mailer:
    :path: ".symlinks/plugins/flutter_mailer/ios"
  fluttertoast:
    :path: ".symlinks/plugins/fluttertoast/ios"
  package_info:
    :path: ".symlinks/plugins/package_info/ios"
  shared_preferences:
    :path: ".symlinks/plugins/shared_preferences/ios"
  shared_preferences_macos:
    :path: ".symlinks/plugins/shared_preferences_macos/ios"
  shared_preferences_web:
    :path: ".symlinks/plugins/shared_preferences_web/ios"

SPEC CHECKSUMS:
<<<<<<< Updated upstream
  Flutter: 0e3d915762c693b495b44d77113d4970485de6ec
=======
  catcher: e5585ed31458c849f4fd9c3719b2fcb0188b8918
  device_info: cbf09d2ec12aa7110e0b09fabe54b5bd6c8efe74
  Firebase: 0490eca762a72e4f1582319539153897f1508dee
  firebase_remote_config: f3581c5addecc691a968f2a7f2bcdf0878509bfd
  FirebaseABTesting: 821a3a3e4a145987e80fee3657c4de1cb9adf693
  FirebaseAnalytics: 058d71e714a1a6804d9e0f25e3bb18e377a51579
  FirebaseAnalyticsInterop: 3f86269c38ae41f47afeb43ebf32a001f58fcdae
  FirebaseCore: 78276943ad85e616dfa54dafa6c89512987d9d60
  FirebaseCoreDiagnostics: 2109d10c35e8289b1ee6cabf44d9ffb055620194
  FirebaseCoreDiagnosticsInterop: 296e2c5f5314500a850ad0b83e9e7c10b011a850
  FirebaseInstallations: 575cd32f2aec0feeb0e44f5d0110a09e5e60b47b
  FirebaseInstanceID: 7ee0d6777013bb952f377b41965bf132b6a075be
  FirebaseRemoteConfig: 47abf7a04a9082091955ea555aa79cfdd249b19c
  Flutter: 0e3d915762c693b495b44d77113d4970485de6ec
  flutter_mailer: 2ef5a67087bc8c6c4cefd04a178bf1ae2c94cd83
  fluttertoast: b644586ef3b16f67fae9a1f8754cef6b2d6b634b
  GoogleAppMeasurement: 39ecba10918b21c83877d392246157f65db351cf
  GoogleDataTransport: 653963cf5be60fb59cf051e070f0836fdc305f81
  GoogleDataTransportCCTSupport: 84e4d4bbab642f2e9d83ee65d78aca2b5527d314
  GoogleUtilities: 06eb53bb579efe7099152735900dd04bf09e7275
  nanopb: 18003b5e52dab79db540fe93fe9579f399bd1ccd
  package_info: 48b108e75b8802c2d5e126f208ef540561c98aef
  PromisesObjC: c119f3cd559f50b7ae681fa59dc1acd19173b7e6
  Protobuf: 176220c526ad8bd09ab1fb40a978eac3fef665f7
>>>>>>> Stashed changes
  shared_preferences: 430726339841afefe5142b9c1f50cb6bd7793e01
  shared_preferences_macos: f3f29b71ccbb56bf40c9dd6396c9acf15e214087
  shared_preferences_web: 141cce0c3ed1a1c5bf2a0e44f52d31eeb66e5ea9

PODFILE CHECKSUM: 1b66dae606f75376c5f2135a8290850eeb09ae83

COCOAPODS: 1.8.4
